// !$*UTF8*$!
{
	archiveVersion = 1;
	classes = {
	};
	objectVersion = 50;
	objects = {

/* Begin PBXBuildFile section */
		4E3037DF243D5A96002FBDAE /* AppDelegate.swift in Sources */ = {isa = PBXBuildFile; fileRef = 4E3037DE243D5A96002FBDAE /* AppDelegate.swift */; };
		4E3037E1243D5A96002FBDAE /* SceneDelegate.swift in Sources */ = {isa = PBXBuildFile; fileRef = 4E3037E0243D5A96002FBDAE /* SceneDelegate.swift */; };
		4E3037E3243D5A96002FBDAE /* ViewController.swift in Sources */ = {isa = PBXBuildFile; fileRef = 4E3037E2243D5A96002FBDAE /* ViewController.swift */; };
		4E3037E6243D5A96002FBDAE /* Main.storyboard in Resources */ = {isa = PBXBuildFile; fileRef = 4E3037E4243D5A96002FBDAE /* Main.storyboard */; };
		4E3037E8243D5A96002FBDAE /* Assets.xcassets in Resources */ = {isa = PBXBuildFile; fileRef = 4E3037E7243D5A96002FBDAE /* Assets.xcassets */; };
		4E3037EB243D5A96002FBDAE /* LaunchScreen.storyboard in Resources */ = {isa = PBXBuildFile; fileRef = 4E3037E9243D5A96002FBDAE /* LaunchScreen.storyboard */; };
		4E3037F6243D5A97002FBDAE /* ChillnTests.swift in Sources */ = {isa = PBXBuildFile; fileRef = 4E3037F5243D5A97002FBDAE /* ChillnTests.swift */; };
		4E303801243D5A97002FBDAE /* ChillnUITests.swift in Sources */ = {isa = PBXBuildFile; fileRef = 4E303800243D5A97002FBDAE /* ChillnUITests.swift */; };
		4E3CEDC2243E2F9200AE7246 /* forestAmbient.mp3 in Resources */ = {isa = PBXBuildFile; fileRef = 4E3CEDC1243E2F9200AE7246 /* forestAmbient.mp3 */; };
		4E3CEDC4243E301600AE7246 /* click.mp3 in Resources */ = {isa = PBXBuildFile; fileRef = 4E3CEDC3243E301600AE7246 /* click.mp3 */; };
		4E3CEDC6243E34D600AE7246 /* relaxMusic.mp3 in Resources */ = {isa = PBXBuildFile; fileRef = 4E3CEDC5243E34D600AE7246 /* relaxMusic.mp3 */; };
		4EED0371243EC20100139254 /* relaxMusic.mp3 in Resources */ = {isa = PBXBuildFile; fileRef = 4E3CEDC5243E34D600AE7246 /* relaxMusic.mp3 */; };
		4EED0372243EC20200139254 /* relaxMusic.mp3 in Resources */ = {isa = PBXBuildFile; fileRef = 4E3CEDC5243E34D600AE7246 /* relaxMusic.mp3 */; };
		4EED0373243EC20600139254 /* click.mp3 in Resources */ = {isa = PBXBuildFile; fileRef = 4E3CEDC3243E301600AE7246 /* click.mp3 */; };
		4EED0374243EC20700139254 /* click.mp3 in Resources */ = {isa = PBXBuildFile; fileRef = 4E3CEDC3243E301600AE7246 /* click.mp3 */; };
		4EED0375243EC20E00139254 /* forestAmbient.mp3 in Resources */ = {isa = PBXBuildFile; fileRef = 4E3CEDC1243E2F9200AE7246 /* forestAmbient.mp3 */; };
		4EED0376243EC20F00139254 /* forestAmbient.mp3 in Resources */ = {isa = PBXBuildFile; fileRef = 4E3CEDC1243E2F9200AE7246 /* forestAmbient.mp3 */; };
/* End PBXBuildFile section */

/* Begin PBXContainerItemProxy section */
		4E3037F2243D5A97002FBDAE /* PBXContainerItemProxy */ = {
			isa = PBXContainerItemProxy;
			containerPortal = 4E3037D3243D5A95002FBDAE /* Project object */;
			proxyType = 1;
			remoteGlobalIDString = 4E3037DA243D5A96002FBDAE;
			remoteInfo = Chilln;
		};
		4E3037FD243D5A97002FBDAE /* PBXContainerItemProxy */ = {
			isa = PBXContainerItemProxy;
			containerPortal = 4E3037D3243D5A95002FBDAE /* Project object */;
			proxyType = 1;
			remoteGlobalIDString = 4E3037DA243D5A96002FBDAE;
			remoteInfo = Chilln;
		};
/* End PBXContainerItemProxy section */

/* Begin PBXFileReference section */
		4E3037DB243D5A96002FBDAE /* Chilln.app */ = {isa = PBXFileReference; explicitFileType = wrapper.application; includeInIndex = 0; path = Chilln.app; sourceTree = BUILT_PRODUCTS_DIR; };
		4E3037DE243D5A96002FBDAE /* AppDelegate.swift */ = {isa = PBXFileReference; lastKnownFileType = sourcecode.swift; path = AppDelegate.swift; sourceTree = "<group>"; };
		4E3037E0243D5A96002FBDAE /* SceneDelegate.swift */ = {isa = PBXFileReference; lastKnownFileType = sourcecode.swift; path = SceneDelegate.swift; sourceTree = "<group>"; };
		4E3037E2243D5A96002FBDAE /* ViewController.swift */ = {isa = PBXFileReference; lastKnownFileType = sourcecode.swift; path = ViewController.swift; sourceTree = "<group>"; };
		4E3037E5243D5A96002FBDAE /* Base */ = {isa = PBXFileReference; lastKnownFileType = file.storyboard; name = Base; path = Base.lproj/Main.storyboard; sourceTree = "<group>"; };
		4E3037E7243D5A96002FBDAE /* Assets.xcassets */ = {isa = PBXFileReference; lastKnownFileType = folder.assetcatalog; path = Assets.xcassets; sourceTree = "<group>"; };
		4E3037EA243D5A96002FBDAE /* Base */ = {isa = PBXFileReference; lastKnownFileType = file.storyboard; name = Base; path = Base.lproj/LaunchScreen.storyboard; sourceTree = "<group>"; };
		4E3037EC243D5A96002FBDAE /* Info.plist */ = {isa = PBXFileReference; lastKnownFileType = text.plist.xml; path = Info.plist; sourceTree = "<group>"; };
		4E3037F1243D5A97002FBDAE /* ChillnTests.xctest */ = {isa = PBXFileReference; explicitFileType = wrapper.cfbundle; includeInIndex = 0; path = ChillnTests.xctest; sourceTree = BUILT_PRODUCTS_DIR; };
		4E3037F5243D5A97002FBDAE /* ChillnTests.swift */ = {isa = PBXFileReference; lastKnownFileType = sourcecode.swift; path = ChillnTests.swift; sourceTree = "<group>"; };
		4E3037F7243D5A97002FBDAE /* Info.plist */ = {isa = PBXFileReference; lastKnownFileType = text.plist.xml; path = Info.plist; sourceTree = "<group>"; };
		4E3037FC243D5A97002FBDAE /* ChillnUITests.xctest */ = {isa = PBXFileReference; explicitFileType = wrapper.cfbundle; includeInIndex = 0; path = ChillnUITests.xctest; sourceTree = BUILT_PRODUCTS_DIR; };
		4E303800243D5A97002FBDAE /* ChillnUITests.swift */ = {isa = PBXFileReference; lastKnownFileType = sourcecode.swift; path = ChillnUITests.swift; sourceTree = "<group>"; };
		4E303802243D5A97002FBDAE /* Info.plist */ = {isa = PBXFileReference; lastKnownFileType = text.plist.xml; path = Info.plist; sourceTree = "<group>"; };
		4E3CEDC1243E2F9200AE7246 /* forestAmbient.mp3 */ = {isa = PBXFileReference; lastKnownFileType = audio.mp3; path = forestAmbient.mp3; sourceTree = "<group>"; };
		4E3CEDC3243E301600AE7246 /* click.mp3 */ = {isa = PBXFileReference; lastKnownFileType = audio.mp3; path = click.mp3; sourceTree = "<group>"; };
		4E3CEDC5243E34D600AE7246 /* relaxMusic.mp3 */ = {isa = PBXFileReference; lastKnownFileType = audio.mp3; path = relaxMusic.mp3; sourceTree = "<group>"; };
/* End PBXFileReference section */

/* Begin PBXFrameworksBuildPhase section */
		4E3037D8243D5A96002FBDAE /* Frameworks */ = {
			isa = PBXFrameworksBuildPhase;
			buildActionMask = 2147483647;
			files = (
			);
			runOnlyForDeploymentPostprocessing = 0;
		};
		4E3037EE243D5A97002FBDAE /* Frameworks */ = {
			isa = PBXFrameworksBuildPhase;
			buildActionMask = 2147483647;
			files = (
			);
			runOnlyForDeploymentPostprocessing = 0;
		};
		4E3037F9243D5A97002FBDAE /* Frameworks */ = {
			isa = PBXFrameworksBuildPhase;
			buildActionMask = 2147483647;
			files = (
			);
			runOnlyForDeploymentPostprocessing = 0;
		};
/* End PBXFrameworksBuildPhase section */

/* Begin PBXGroup section */
		4E3037D2243D5A95002FBDAE = {
			isa = PBXGroup;
			children = (
				4E3037DD243D5A96002FBDAE /* Chilln */,
				4E3037F4243D5A97002FBDAE /* ChillnTests */,
				4E3037FF243D5A97002FBDAE /* ChillnUITests */,
				4E3037DC243D5A96002FBDAE /* Products */,
			);
			sourceTree = "<group>";
		};
		4E3037DC243D5A96002FBDAE /* Products */ = {
			isa = PBXGroup;
			children = (
				4E3037DB243D5A96002FBDAE /* Chilln.app */,
				4E3037F1243D5A97002FBDAE /* ChillnTests.xctest */,
				4E3037FC243D5A97002FBDAE /* ChillnUITests.xctest */,
			);
			name = Products;
			sourceTree = "<group>";
		};
		4E3037DD243D5A96002FBDAE /* Chilln */ = {
			isa = PBXGroup;
			children = (
				4E3037DE243D5A96002FBDAE /* AppDelegate.swift */,
				4E3037E0243D5A96002FBDAE /* SceneDelegate.swift */,
				4E3037E2243D5A96002FBDAE /* ViewController.swift */,
				4E3CEDC0243E2F8000AE7246 /* Sound */,
				4E3037E4243D5A96002FBDAE /* Main.storyboard */,
				4E3037E7243D5A96002FBDAE /* Assets.xcassets */,
				4E3037E9243D5A96002FBDAE /* LaunchScreen.storyboard */,
				4E3037EC243D5A96002FBDAE /* Info.plist */,
			);
			path = Chilln;
			sourceTree = "<group>";
		};
		4E3037F4243D5A97002FBDAE /* ChillnTests */ = {
			isa = PBXGroup;
			children = (
				4E3037F5243D5A97002FBDAE /* ChillnTests.swift */,
				4E3037F7243D5A97002FBDAE /* Info.plist */,
			);
			path = ChillnTests;
			sourceTree = "<group>";
		};
		4E3037FF243D5A97002FBDAE /* ChillnUITests */ = {
			isa = PBXGroup;
			children = (
				4E303800243D5A97002FBDAE /* ChillnUITests.swift */,
				4E303802243D5A97002FBDAE /* Info.plist */,
			);
			path = ChillnUITests;
			sourceTree = "<group>";
		};
		4E3CEDC0243E2F8000AE7246 /* Sound */ = {
			isa = PBXGroup;
			children = (
				4E3CEDC5243E34D600AE7246 /* relaxMusic.mp3 */,
				4E3CEDC3243E301600AE7246 /* click.mp3 */,
				4E3CEDC1243E2F9200AE7246 /* forestAmbient.mp3 */,
			);
			path = Sound;
			sourceTree = "<group>";
		};
/* End PBXGroup section */

/* Begin PBXNativeTarget section */
		4E3037DA243D5A96002FBDAE /* Chilln */ = {
			isa = PBXNativeTarget;
			buildConfigurationList = 4E303805243D5A97002FBDAE /* Build configuration list for PBXNativeTarget "Chilln" */;
			buildPhases = (
				4E3037D7243D5A96002FBDAE /* Sources */,
				4E3037D8243D5A96002FBDAE /* Frameworks */,
				4E3037D9243D5A96002FBDAE /* Resources */,
			);
			buildRules = (
			);
			dependencies = (
			);
			name = Chilln;
			productName = Chilln;
			productReference = 4E3037DB243D5A96002FBDAE /* Chilln.app */;
			productType = "com.apple.product-type.application";
		};
		4E3037F0243D5A97002FBDAE /* ChillnTests */ = {
			isa = PBXNativeTarget;
			buildConfigurationList = 4E303808243D5A97002FBDAE /* Build configuration list for PBXNativeTarget "ChillnTests" */;
			buildPhases = (
				4E3037ED243D5A97002FBDAE /* Sources */,
				4E3037EE243D5A97002FBDAE /* Frameworks */,
				4E3037EF243D5A97002FBDAE /* Resources */,
			);
			buildRules = (
			);
			dependencies = (
				4E3037F3243D5A97002FBDAE /* PBXTargetDependency */,
			);
			name = ChillnTests;
			productName = ChillnTests;
			productReference = 4E3037F1243D5A97002FBDAE /* ChillnTests.xctest */;
			productType = "com.apple.product-type.bundle.unit-test";
		};
		4E3037FB243D5A97002FBDAE /* ChillnUITests */ = {
			isa = PBXNativeTarget;
			buildConfigurationList = 4E30380B243D5A97002FBDAE /* Build configuration list for PBXNativeTarget "ChillnUITests" */;
			buildPhases = (
				4E3037F8243D5A97002FBDAE /* Sources */,
				4E3037F9243D5A97002FBDAE /* Frameworks */,
				4E3037FA243D5A97002FBDAE /* Resources */,
			);
			buildRules = (
			);
			dependencies = (
				4E3037FE243D5A97002FBDAE /* PBXTargetDependency */,
			);
			name = ChillnUITests;
			productName = ChillnUITests;
			productReference = 4E3037FC243D5A97002FBDAE /* ChillnUITests.xctest */;
			productType = "com.apple.product-type.bundle.ui-testing";
		};
/* End PBXNativeTarget section */

/* Begin PBXProject section */
		4E3037D3243D5A95002FBDAE /* Project object */ = {
			isa = PBXProject;
			attributes = {
				LastSwiftUpdateCheck = 1130;
				LastUpgradeCheck = 1130;
				ORGANIZATIONNAME = "Muhammad Harviando";
				TargetAttributes = {
					4E3037DA243D5A96002FBDAE = {
						CreatedOnToolsVersion = 11.3.1;
					};
					4E3037F0243D5A97002FBDAE = {
						CreatedOnToolsVersion = 11.3.1;
						TestTargetID = 4E3037DA243D5A96002FBDAE;
					};
					4E3037FB243D5A97002FBDAE = {
						CreatedOnToolsVersion = 11.3.1;
						TestTargetID = 4E3037DA243D5A96002FBDAE;
					};
				};
			};
			buildConfigurationList = 4E3037D6243D5A95002FBDAE /* Build configuration list for PBXProject "Chilln" */;
			compatibilityVersion = "Xcode 9.3";
			developmentRegion = en;
			hasScannedForEncodings = 0;
			knownRegions = (
				en,
				Base,
			);
			mainGroup = 4E3037D2243D5A95002FBDAE;
			productRefGroup = 4E3037DC243D5A96002FBDAE /* Products */;
			projectDirPath = "";
			projectRoot = "";
			targets = (
				4E3037DA243D5A96002FBDAE /* Chilln */,
				4E3037F0243D5A97002FBDAE /* ChillnTests */,
				4E3037FB243D5A97002FBDAE /* ChillnUITests */,
			);
		};
/* End PBXProject section */

/* Begin PBXResourcesBuildPhase section */
		4E3037D9243D5A96002FBDAE /* Resources */ = {
			isa = PBXResourcesBuildPhase;
			buildActionMask = 2147483647;
			files = (
				4E3037EB243D5A96002FBDAE /* LaunchScreen.storyboard in Resources */,
				4E3CEDC6243E34D600AE7246 /* relaxMusic.mp3 in Resources */,
				4E3CEDC4243E301600AE7246 /* click.mp3 in Resources */,
				4E3037E8243D5A96002FBDAE /* Assets.xcassets in Resources */,
				4E3CEDC2243E2F9200AE7246 /* forestAmbient.mp3 in Resources */,
				4E3037E6243D5A96002FBDAE /* Main.storyboard in Resources */,
			);
			runOnlyForDeploymentPostprocessing = 0;
		};
		4E3037EF243D5A97002FBDAE /* Resources */ = {
			isa = PBXResourcesBuildPhase;
			buildActionMask = 2147483647;
			files = (
				4EED0376243EC20F00139254 /* forestAmbient.mp3 in Resources */,
				4EED0371243EC20100139254 /* relaxMusic.mp3 in Resources */,
				4EED0373243EC20600139254 /* click.mp3 in Resources */,
			);
			runOnlyForDeploymentPostprocessing = 0;
		};
		4E3037FA243D5A97002FBDAE /* Resources */ = {
			isa = PBXResourcesBuildPhase;
			buildActionMask = 2147483647;
			files = (
				4EED0375243EC20E00139254 /* forestAmbient.mp3 in Resources */,
				4EED0372243EC20200139254 /* relaxMusic.mp3 in Resources */,
				4EED0374243EC20700139254 /* click.mp3 in Resources */,
			);
			runOnlyForDeploymentPostprocessing = 0;
		};
/* End PBXResourcesBuildPhase section */

/* Begin PBXSourcesBuildPhase section */
		4E3037D7243D5A96002FBDAE /* Sources */ = {
			isa = PBXSourcesBuildPhase;
			buildActionMask = 2147483647;
			files = (
				4E3037E3243D5A96002FBDAE /* ViewController.swift in Sources */,
				4E3037DF243D5A96002FBDAE /* AppDelegate.swift in Sources */,
				4E3037E1243D5A96002FBDAE /* SceneDelegate.swift in Sources */,
			);
			runOnlyForDeploymentPostprocessing = 0;
		};
		4E3037ED243D5A97002FBDAE /* Sources */ = {
			isa = PBXSourcesBuildPhase;
			buildActionMask = 2147483647;
			files = (
				4E3037F6243D5A97002FBDAE /* ChillnTests.swift in Sources */,
			);
			runOnlyForDeploymentPostprocessing = 0;
		};
		4E3037F8243D5A97002FBDAE /* Sources */ = {
			isa = PBXSourcesBuildPhase;
			buildActionMask = 2147483647;
			files = (
				4E303801243D5A97002FBDAE /* ChillnUITests.swift in Sources */,
			);
			runOnlyForDeploymentPostprocessing = 0;
		};
/* End PBXSourcesBuildPhase section */

/* Begin PBXTargetDependency section */
		4E3037F3243D5A97002FBDAE /* PBXTargetDependency */ = {
			isa = PBXTargetDependency;
			target = 4E3037DA243D5A96002FBDAE /* Chilln */;
			targetProxy = 4E3037F2243D5A97002FBDAE /* PBXContainerItemProxy */;
		};
		4E3037FE243D5A97002FBDAE /* PBXTargetDependency */ = {
			isa = PBXTargetDependency;
			target = 4E3037DA243D5A96002FBDAE /* Chilln */;
			targetProxy = 4E3037FD243D5A97002FBDAE /* PBXContainerItemProxy */;
		};
/* End PBXTargetDependency section */

/* Begin PBXVariantGroup section */
		4E3037E4243D5A96002FBDAE /* Main.storyboard */ = {
			isa = PBXVariantGroup;
			children = (
				4E3037E5243D5A96002FBDAE /* Base */,
			);
			name = Main.storyboard;
			sourceTree = "<group>";
		};
		4E3037E9243D5A96002FBDAE /* LaunchScreen.storyboard */ = {
			isa = PBXVariantGroup;
			children = (
				4E3037EA243D5A96002FBDAE /* Base */,
			);
			name = LaunchScreen.storyboard;
			sourceTree = "<group>";
		};
/* End PBXVariantGroup section */

/* Begin XCBuildConfiguration section */
		4E303803243D5A97002FBDAE /* Debug */ = {
			isa = XCBuildConfiguration;
			buildSettings = {
				ALWAYS_SEARCH_USER_PATHS = NO;
				CLANG_ANALYZER_NONNULL = YES;
				CLANG_ANALYZER_NUMBER_OBJECT_CONVERSION = YES_AGGRESSIVE;
				CLANG_CXX_LANGUAGE_STANDARD = "gnu++14";
				CLANG_CXX_LIBRARY = "libc++";
				CLANG_ENABLE_MODULES = YES;
				CLANG_ENABLE_OBJC_ARC = YES;
				CLANG_ENABLE_OBJC_WEAK = YES;
				CLANG_WARN_BLOCK_CAPTURE_AUTORELEASING = YES;
				CLANG_WARN_BOOL_CONVERSION = YES;
				CLANG_WARN_COMMA = YES;
				CLANG_WARN_CONSTANT_CONVERSION = YES;
				CLANG_WARN_DEPRECATED_OBJC_IMPLEMENTATIONS = YES;
				CLANG_WARN_DIRECT_OBJC_ISA_USAGE = YES_ERROR;
				CLANG_WARN_DOCUMENTATION_COMMENTS = YES;
				CLANG_WARN_EMPTY_BODY = YES;
				CLANG_WARN_ENUM_CONVERSION = YES;
				CLANG_WARN_INFINITE_RECURSION = YES;
				CLANG_WARN_INT_CONVERSION = YES;
				CLANG_WARN_NON_LITERAL_NULL_CONVERSION = YES;
				CLANG_WARN_OBJC_IMPLICIT_RETAIN_SELF = YES;
				CLANG_WARN_OBJC_LITERAL_CONVERSION = YES;
				CLANG_WARN_OBJC_ROOT_CLASS = YES_ERROR;
				CLANG_WARN_RANGE_LOOP_ANALYSIS = YES;
				CLANG_WARN_STRICT_PROTOTYPES = YES;
				CLANG_WARN_SUSPICIOUS_MOVE = YES;
				CLANG_WARN_UNGUARDED_AVAILABILITY = YES_AGGRESSIVE;
				CLANG_WARN_UNREACHABLE_CODE = YES;
				CLANG_WARN__DUPLICATE_METHOD_MATCH = YES;
				COPY_PHASE_STRIP = NO;
				DEBUG_INFORMATION_FORMAT = dwarf;
				ENABLE_STRICT_OBJC_MSGSEND = YES;
				ENABLE_TESTABILITY = YES;
				GCC_C_LANGUAGE_STANDARD = gnu11;
				GCC_DYNAMIC_NO_PIC = NO;
				GCC_NO_COMMON_BLOCKS = YES;
				GCC_OPTIMIZATION_LEVEL = 0;
				GCC_PREPROCESSOR_DEFINITIONS = (
					"DEBUG=1",
					"$(inherited)",
				);
				GCC_WARN_64_TO_32_BIT_CONVERSION = YES;
				GCC_WARN_ABOUT_RETURN_TYPE = YES_ERROR;
				GCC_WARN_UNDECLARED_SELECTOR = YES;
				GCC_WARN_UNINITIALIZED_AUTOS = YES_AGGRESSIVE;
				GCC_WARN_UNUSED_FUNCTION = YES;
				GCC_WARN_UNUSED_VARIABLE = YES;
				IPHONEOS_DEPLOYMENT_TARGET = 13.2;
				MTL_ENABLE_DEBUG_INFO = INCLUDE_SOURCE;
				MTL_FAST_MATH = YES;
				ONLY_ACTIVE_ARCH = YES;
				SDKROOT = iphoneos;
				SWIFT_ACTIVE_COMPILATION_CONDITIONS = DEBUG;
				SWIFT_OPTIMIZATION_LEVEL = "-Onone";
			};
			name = Debug;
		};
		4E303804243D5A97002FBDAE /* Release */ = {
			isa = XCBuildConfiguration;
			buildSettings = {
				ALWAYS_SEARCH_USER_PATHS = NO;
				CLANG_ANALYZER_NONNULL = YES;
				CLANG_ANALYZER_NUMBER_OBJECT_CONVERSION = YES_AGGRESSIVE;
				CLANG_CXX_LANGUAGE_STANDARD = "gnu++14";
				CLANG_CXX_LIBRARY = "libc++";
				CLANG_ENABLE_MODULES = YES;
				CLANG_ENABLE_OBJC_ARC = YES;
				CLANG_ENABLE_OBJC_WEAK = YES;
				CLANG_WARN_BLOCK_CAPTURE_AUTORELEASING = YES;
				CLANG_WARN_BOOL_CONVERSION = YES;
				CLANG_WARN_COMMA = YES;
				CLANG_WARN_CONSTANT_CONVERSION = YES;
				CLANG_WARN_DEPRECATED_OBJC_IMPLEMENTATIONS = YES;
				CLANG_WARN_DIRECT_OBJC_ISA_USAGE = YES_ERROR;
				CLANG_WARN_DOCUMENTATION_COMMENTS = YES;
				CLANG_WARN_EMPTY_BODY = YES;
				CLANG_WARN_ENUM_CONVERSION = YES;
				CLANG_WARN_INFINITE_RECURSION = YES;
				CLANG_WARN_INT_CONVERSION = YES;
				CLANG_WARN_NON_LITERAL_NULL_CONVERSION = YES;
				CLANG_WARN_OBJC_IMPLICIT_RETAIN_SELF = YES;
				CLANG_WARN_OBJC_LITERAL_CONVERSION = YES;
				CLANG_WARN_OBJC_ROOT_CLASS = YES_ERROR;
				CLANG_WARN_RANGE_LOOP_ANALYSIS = YES;
				CLANG_WARN_STRICT_PROTOTYPES = YES;
				CLANG_WARN_SUSPICIOUS_MOVE = YES;
				CLANG_WARN_UNGUARDED_AVAILABILITY = YES_AGGRESSIVE;
				CLANG_WARN_UNREACHABLE_CODE = YES;
				CLANG_WARN__DUPLICATE_METHOD_MATCH = YES;
				COPY_PHASE_STRIP = NO;
				DEBUG_INFORMATION_FORMAT = "dwarf-with-dsym";
				ENABLE_NS_ASSERTIONS = NO;
				ENABLE_STRICT_OBJC_MSGSEND = YES;
				GCC_C_LANGUAGE_STANDARD = gnu11;
				GCC_NO_COMMON_BLOCKS = YES;
				GCC_WARN_64_TO_32_BIT_CONVERSION = YES;
				GCC_WARN_ABOUT_RETURN_TYPE = YES_ERROR;
				GCC_WARN_UNDECLARED_SELECTOR = YES;
				GCC_WARN_UNINITIALIZED_AUTOS = YES_AGGRESSIVE;
				GCC_WARN_UNUSED_FUNCTION = YES;
				GCC_WARN_UNUSED_VARIABLE = YES;
				IPHONEOS_DEPLOYMENT_TARGET = 13.2;
				MTL_ENABLE_DEBUG_INFO = NO;
				MTL_FAST_MATH = YES;
				SDKROOT = iphoneos;
				SWIFT_COMPILATION_MODE = wholemodule;
				SWIFT_OPTIMIZATION_LEVEL = "-O";
				VALIDATE_PRODUCT = YES;
			};
			name = Release;
		};
		4E303806243D5A97002FBDAE /* Debug */ = {
			isa = XCBuildConfiguration;
			buildSettings = {
				ASSETCATALOG_COMPILER_APPICON_NAME = AppIcon;
				CODE_SIGN_STYLE = Automatic;
				DEVELOPMENT_TEAM = F9V7VZ5QFQ;
				INFOPLIST_FILE = Chilln/Info.plist;
				LD_RUNPATH_SEARCH_PATHS = (
					"$(inherited)",
					"@executable_path/Frameworks",
				);
				PRODUCT_BUNDLE_IDENTIFIER = MatB.Chilln;
				PRODUCT_NAME = "$(TARGET_NAME)";
				SWIFT_VERSION = 5.0;
				TARGETED_DEVICE_FAMILY = "1,2";
			};
			name = Debug;
		};
		4E303807243D5A97002FBDAE /* Release */ = {
			isa = XCBuildConfiguration;
			buildSettings = {
				ASSETCATALOG_COMPILER_APPICON_NAME = AppIcon;
				CODE_SIGN_STYLE = Automatic;
				DEVELOPMENT_TEAM = F9V7VZ5QFQ;
				INFOPLIST_FILE = Chilln/Info.plist;
				LD_RUNPATH_SEARCH_PATHS = (
					"$(inherited)",
					"@executable_path/Frameworks",
				);
				PRODUCT_BUNDLE_IDENTIFIER = MatB.Chilln;
				PRODUCT_NAME = "$(TARGET_NAME)";
				SWIFT_VERSION = 5.0;
				TARGETED_DEVICE_FAMILY = "1,2";
			};
			name = Release;
		};
		4E303809243D5A97002FBDAE /* Debug */ = {
			isa = XCBuildConfiguration;
			buildSettings = {
				ALWAYS_EMBED_SWIFT_STANDARD_LIBRARIES = YES;
				BUNDLE_LOADER = "$(TEST_HOST)";
				CODE_SIGN_STYLE = Automatic;
				INFOPLIST_FILE = ChillnTests/Info.plist;
				IPHONEOS_DEPLOYMENT_TARGET = 13.2;
				LD_RUNPATH_SEARCH_PATHS = (
					"$(inherited)",
					"@executable_path/Frameworks",
					"@loader_path/Frameworks",
				);
				PRODUCT_BUNDLE_IDENTIFIER = MatB.ChillnTests;
				PRODUCT_NAME = "$(TARGET_NAME)";
				SWIFT_VERSION = 5.0;
				TARGETED_DEVICE_FAMILY = "1,2";
				TEST_HOST = "$(BUILT_PRODUCTS_DIR)/Chilln.app/Chilln";
			};
			name = Debug;
		};
		4E30380A243D5A97002FBDAE /* Release */ = {
			isa = XCBuildConfiguration;
			buildSettings = {
				ALWAYS_EMBED_SWIFT_STANDARD_LIBRARIES = YES;
				BUNDLE_LOADER = "$(TEST_HOST)";
				CODE_SIGN_STYLE = Automatic;
				INFOPLIST_FILE = ChillnTests/Info.plist;
				IPHONEOS_DEPLOYMENT_TARGET = 13.2;
				LD_RUNPATH_SEARCH_PATHS = (
					"$(inherited)",
					"@executable_path/Frameworks",
					"@loader_path/Frameworks",
				);
				PRODUCT_BUNDLE_IDENTIFIER = MatB.ChillnTests;
				PRODUCT_NAME = "$(TARGET_NAME)";
				SWIFT_VERSION = 5.0;
				TARGETED_DEVICE_FAMILY = "1,2";
				TEST_HOST = "$(BUILT_PRODUCTS_DIR)/Chilln.app/Chilln";
			};
			name = Release;
		};
		4E30380C243D5A97002FBDAE /* Debug */ = {
			isa = XCBuildConfiguration;
			buildSettings = {
				ALWAYS_EMBED_SWIFT_STANDARD_LIBRARIES = YES;
				CODE_SIGN_STYLE = Automatic;
				INFOPLIST_FILE = ChillnUITests/Info.plist;
				LD_RUNPATH_SEARCH_PATHS = (
					"$(inherited)",
					"@executable_path/Frameworks",
					"@loader_path/Frameworks",
				);
				PRODUCT_BUNDLE_IDENTIFIER = MatB.ChillnUITests;
				PRODUCT_NAME = "$(TARGET_NAME)";
				SWIFT_VERSION = 5.0;
				TARGETED_DEVICE_FAMILY = "1,2";
				TEST_TARGET_NAME = Chilln;
			};
			name = Debug;
		};
		4E30380D243D5A97002FBDAE /* Release */ = {
			isa = XCBuildConfiguration;
			buildSettings = {
				ALWAYS_EMBED_SWIFT_STANDARD_LIBRARIES = YES;
				CODE_SIGN_STYLE = Automatic;
				INFOPLIST_FILE = ChillnUITests/Info.plist;
				LD_RUNPATH_SEARCH_PATHS = (
					"$(inherited)",
					"@executable_path/Frameworks",
					"@loader_path/Frameworks",
				);
				PRODUCT_BUNDLE_IDENTIFIER = MatB.ChillnUITests;
				PRODUCT_NAME = "$(TARGET_NAME)";
				SWIFT_VERSION = 5.0;
				TARGETED_DEVICE_FAMILY = "1,2";
				TEST_TARGET_NAME = Chilln;
			};
			name = Release;
		};
/* End XCBuildConfiguration section */

/* Begin XCConfigurationList section */
		4E3037D6243D5A95002FBDAE /* Build configuration list for PBXProject "Chilln" */ = {
			isa = XCConfigurationList;
			buildConfigurations = (
				4E303803243D5A97002FBDAE /* Debug */,
				4E303804243D5A97002FBDAE /* Release */,
			);
			defaultConfigurationIsVisible = 0;
			defaultConfigurationName = Release;
		};
		4E303805243D5A97002FBDAE /* Build configuration list for PBXNativeTarget "Chilln" */ = {
			isa = XCConfigurationList;
			buildConfigurations = (
				4E303806243D5A97002FBDAE /* Debug */,
				4E303807243D5A97002FBDAE /* Release */,
			);
			defaultConfigurationIsVisible = 0;
			defaultConfigurationName = Release;
		};
		4E303808243D5A97002FBDAE /* Build configuration list for PBXNativeTarget "ChillnTests" */ = {
			isa = XCConfigurationList;
			buildConfigurations = (
				4E303809243D5A97002FBDAE /* Debug */,
				4E30380A243D5A97002FBDAE /* Release */,
			);
			defaultConfigurationIsVisible = 0;
			defaultConfigurationName = Release;
		};
		4E30380B243D5A97002FBDAE /* Build configuration list for PBXNativeTarget "ChillnUITests" */ = {
			isa = XCConfigurationList;
			buildConfigurations = (
				4E30380C243D5A97002FBDAE /* Debug */,
				4E30380D243D5A97002FBDAE /* Release */,
			);
			defaultConfigurationIsVisible = 0;
			defaultConfigurationName = Release;
		};
/* End XCConfigurationList section */
	};
	rootObject = 4E3037D3243D5A95002FBDAE /* Project object */;
}
